
Microsoft Visual Studio Solution File, Format Version 12.00
# Visual Studio Version 17
VisualStudioVersion = 17.7.34031.279
MinimumVisualStudioVersion = 10.0.40219.1
Project("{FAE04EC0-301F-11D3-BF4B-00C04F79EFBC}") = "Pronia", "Pronia.csproj", "{4F17AC4C-FB2E-4559-989D-60CB91F551DB}"
EndProject
Global
	GlobalSection(SolutionConfigurationPlatforms) = preSolution
		Debug|Any CPU = Debug|Any CPU
		Release|Any CPU = Release|Any CPU
	EndGlobalSection
	GlobalSection(ProjectConfigurationPlatforms) = postSolution
		{4F17AC4C-FB2E-4559-989D-60CB91F551DB}.Debug|Any CPU.ActiveCfg = Debug|Any CPU
		{4F17AC4C-FB2E-4559-989D-60CB91F551DB}.Debug|Any CPU.Build.0 = Debug|Any CPU
		{4F17AC4C-FB2E-4559-989D-60CB91F551DB}.Release|Any CPU.ActiveCfg = Release|Any CPU
		{4F17AC4C-FB2E-4559-989D-60CB91F551DB}.Release|Any CPU.Build.0 = Release|Any CPU
	EndGlobalSection
	GlobalSection(SolutionProperties) = preSolution
		HideSolutionNode = FALSE
	EndGlobalSection
	GlobalSection(ExtensibilityGlobals) = postSolution
		SolutionGuid = {BAB71C05-E19A-4C37-BF32-4E2D45112B51}
	EndGlobalSection
EndGlobal
